// !$*UTF8*$!
{
	archiveVersion = 1;
	classes = {
	};
	objectVersion = 51;
	objects = {

/* Begin PBXBuildFile section */
		1E7E0C46A326A05FF2DE45EC /* Pods_Parstagram_ParstagramUITests.framework in Frameworks */ = {isa = PBXBuildFile; fileRef = A1F3BFBCD137CE0A274C44C8 /* Pods_Parstagram_ParstagramUITests.framework */; };
		5BF87A3EF13275EA3F690E2E /* Pods_ParstagramTests.framework in Frameworks */ = {isa = PBXBuildFile; fileRef = E2E0E4D9B6402A5A86C5371E /* Pods_ParstagramTests.framework */; };
		B3068CAA00DF0AA65C79D596 /* Pods_Parstagram.framework in Frameworks */ = {isa = PBXBuildFile; fileRef = 218C37D51A59B46D39F6ABA6 /* Pods_Parstagram.framework */; };
		D7D53312240500AA00B5C187 /* LoginViewController.swift in Sources */ = {isa = PBXBuildFile; fileRef = D7D53311240500AA00B5C187 /* LoginViewController.swift */; };
		D7D53314240500BF00B5C187 /* FeedViewController.swift in Sources */ = {isa = PBXBuildFile; fileRef = D7D53313240500BF00B5C187 /* FeedViewController.swift */; };
		D7D533162405094600B5C187 /* CameraViewController.swift in Sources */ = {isa = PBXBuildFile; fileRef = D7D533152405094600B5C187 /* CameraViewController.swift */; };
		D7D533182405136F00B5C187 /* PosterCell.swift in Sources */ = {isa = PBXBuildFile; fileRef = D7D533172405136F00B5C187 /* PosterCell.swift */; };
		D7D533282408C43000B5C187 /* CommentCellTableViewCell.swift in Sources */ = {isa = PBXBuildFile; fileRef = D7D533272408C43000B5C187 /* CommentCellTableViewCell.swift */; };
		D7FDBC0D2404F6DE002659C4 /* AppDelegate.swift in Sources */ = {isa = PBXBuildFile; fileRef = D7FDBC0C2404F6DE002659C4 /* AppDelegate.swift */; };
		D7FDBC0F2404F6DE002659C4 /* SceneDelegate.swift in Sources */ = {isa = PBXBuildFile; fileRef = D7FDBC0E2404F6DE002659C4 /* SceneDelegate.swift */; };
		D7FDBC142404F6DE002659C4 /* Main.storyboard in Resources */ = {isa = PBXBuildFile; fileRef = D7FDBC122404F6DE002659C4 /* Main.storyboard */; };
		D7FDBC162404F6E5002659C4 /* Assets.xcassets in Resources */ = {isa = PBXBuildFile; fileRef = D7FDBC152404F6E5002659C4 /* Assets.xcassets */; };
		D7FDBC192404F6E5002659C4 /* LaunchScreen.storyboard in Resources */ = {isa = PBXBuildFile; fileRef = D7FDBC172404F6E5002659C4 /* LaunchScreen.storyboard */; };
		D7FDBC242404F6E5002659C4 /* ParstagramTests.swift in Sources */ = {isa = PBXBuildFile; fileRef = D7FDBC232404F6E5002659C4 /* ParstagramTests.swift */; };
		D7FDBC2F2404F6E5002659C4 /* ParstagramUITests.swift in Sources */ = {isa = PBXBuildFile; fileRef = D7FDBC2E2404F6E5002659C4 /* ParstagramUITests.swift */; };
/* End PBXBuildFile section */

/* Begin PBXContainerItemProxy section */
		D7FDBC202404F6E5002659C4 /* PBXContainerItemProxy */ = {
			isa = PBXContainerItemProxy;
			containerPortal = D7FDBC012404F6DE002659C4 /* Project object */;
			proxyType = 1;
			remoteGlobalIDString = D7FDBC082404F6DE002659C4;
			remoteInfo = Parstagram;
		};
		D7FDBC2B2404F6E5002659C4 /* PBXContainerItemProxy */ = {
			isa = PBXContainerItemProxy;
			containerPortal = D7FDBC012404F6DE002659C4 /* Project object */;
			proxyType = 1;
			remoteGlobalIDString = D7FDBC082404F6DE002659C4;
			remoteInfo = Parstagram;
		};
/* End PBXContainerItemProxy section */

/* Begin PBXFileReference section */
		218C37D51A59B46D39F6ABA6 /* Pods_Parstagram.framework */ = {isa = PBXFileReference; explicitFileType = wrapper.framework; includeInIndex = 0; path = Pods_Parstagram.framework; sourceTree = BUILT_PRODUCTS_DIR; };
		662FA8F12BB629CF5EBC90A5 /* Pods-ParstagramTests.debug.xcconfig */ = {isa = PBXFileReference; includeInIndex = 1; lastKnownFileType = text.xcconfig; name = "Pods-ParstagramTests.debug.xcconfig"; path = "Target Support Files/Pods-ParstagramTests/Pods-ParstagramTests.debug.xcconfig"; sourceTree = "<group>"; };
		7CAD7309AFF1CCBDB0B52378 /* Pods-Parstagram-ParstagramUITests.debug.xcconfig */ = {isa = PBXFileReference; includeInIndex = 1; lastKnownFileType = text.xcconfig; name = "Pods-Parstagram-ParstagramUITests.debug.xcconfig"; path = "Target Support Files/Pods-Parstagram-ParstagramUITests/Pods-Parstagram-ParstagramUITests.debug.xcconfig"; sourceTree = "<group>"; };
		886FEF851DF446A00581C4B9 /* Pods-ParstagramTests.release.xcconfig */ = {isa = PBXFileReference; includeInIndex = 1; lastKnownFileType = text.xcconfig; name = "Pods-ParstagramTests.release.xcconfig"; path = "Target Support Files/Pods-ParstagramTests/Pods-ParstagramTests.release.xcconfig"; sourceTree = "<group>"; };
		91AED2031CA0F7439F142442 /* Pods-Parstagram.debug.xcconfig */ = {isa = PBXFileReference; includeInIndex = 1; lastKnownFileType = text.xcconfig; name = "Pods-Parstagram.debug.xcconfig"; path = "Target Support Files/Pods-Parstagram/Pods-Parstagram.debug.xcconfig"; sourceTree = "<group>"; };
		94A9D52FCB4CB5A2E1AC14FD /* Pods-Parstagram-ParstagramUITests.release.xcconfig */ = {isa = PBXFileReference; includeInIndex = 1; lastKnownFileType = text.xcconfig; name = "Pods-Parstagram-ParstagramUITests.release.xcconfig"; path = "Target Support Files/Pods-Parstagram-ParstagramUITests/Pods-Parstagram-ParstagramUITests.release.xcconfig"; sourceTree = "<group>"; };
		A1F3BFBCD137CE0A274C44C8 /* Pods_Parstagram_ParstagramUITests.framework */ = {isa = PBXFileReference; explicitFileType = wrapper.framework; includeInIndex = 0; path = Pods_Parstagram_ParstagramUITests.framework; sourceTree = BUILT_PRODUCTS_DIR; };
		D7D53311240500AA00B5C187 /* LoginViewController.swift */ = {isa = PBXFileReference; lastKnownFileType = sourcecode.swift; path = LoginViewController.swift; sourceTree = "<group>"; };
		D7D53313240500BF00B5C187 /* FeedViewController.swift */ = {isa = PBXFileReference; lastKnownFileType = sourcecode.swift; path = FeedViewController.swift; sourceTree = "<group>"; };
		D7D533152405094600B5C187 /* CameraViewController.swift */ = {isa = PBXFileReference; lastKnownFileType = sourcecode.swift; path = CameraViewController.swift; sourceTree = "<group>"; };
		D7D533172405136F00B5C187 /* PosterCell.swift */ = {isa = PBXFileReference; lastKnownFileType = sourcecode.swift; path = PosterCell.swift; sourceTree = "<group>"; };
		D7D533272408C43000B5C187 /* CommentCellTableViewCell.swift */ = {isa = PBXFileReference; lastKnownFileType = sourcecode.swift; path = CommentCellTableViewCell.swift; sourceTree = "<group>"; };
		D7FDBC092404F6DE002659C4 /* Parstagram.app */ = {isa = PBXFileReference; explicitFileType = wrapper.application; includeInIndex = 0; path = Parstagram.app; sourceTree = BUILT_PRODUCTS_DIR; };
		D7FDBC0C2404F6DE002659C4 /* AppDelegate.swift */ = {isa = PBXFileReference; lastKnownFileType = sourcecode.swift; path = AppDelegate.swift; sourceTree = "<group>"; };
		D7FDBC0E2404F6DE002659C4 /* SceneDelegate.swift */ = {isa = PBXFileReference; lastKnownFileType = sourcecode.swift; path = SceneDelegate.swift; sourceTree = "<group>"; };
		D7FDBC132404F6DE002659C4 /* Base */ = {isa = PBXFileReference; lastKnownFileType = file.storyboard; name = Base; path = Base.lproj/Main.storyboard; sourceTree = "<group>"; };
		D7FDBC152404F6E5002659C4 /* Assets.xcassets */ = {isa = PBXFileReference; lastKnownFileType = folder.assetcatalog; path = Assets.xcassets; sourceTree = "<group>"; };
		D7FDBC182404F6E5002659C4 /* Base */ = {isa = PBXFileReference; lastKnownFileType = file.storyboard; name = Base; path = Base.lproj/LaunchScreen.storyboard; sourceTree = "<group>"; };
		D7FDBC1A2404F6E5002659C4 /* Info.plist */ = {isa = PBXFileReference; lastKnownFileType = text.plist.xml; path = Info.plist; sourceTree = "<group>"; };
		D7FDBC1F2404F6E5002659C4 /* ParstagramTests.xctest */ = {isa = PBXFileReference; explicitFileType = wrapper.cfbundle; includeInIndex = 0; path = ParstagramTests.xctest; sourceTree = BUILT_PRODUCTS_DIR; };
		D7FDBC232404F6E5002659C4 /* ParstagramTests.swift */ = {isa = PBXFileReference; lastKnownFileType = sourcecode.swift; path = ParstagramTests.swift; sourceTree = "<group>"; };
		D7FDBC252404F6E5002659C4 /* Info.plist */ = {isa = PBXFileReference; lastKnownFileType = text.plist.xml; path = Info.plist; sourceTree = "<group>"; };
		D7FDBC2A2404F6E5002659C4 /* ParstagramUITests.xctest */ = {isa = PBXFileReference; explicitFileType = wrapper.cfbundle; includeInIndex = 0; path = ParstagramUITests.xctest; sourceTree = BUILT_PRODUCTS_DIR; };
		D7FDBC2E2404F6E5002659C4 /* ParstagramUITests.swift */ = {isa = PBXFileReference; lastKnownFileType = sourcecode.swift; path = ParstagramUITests.swift; sourceTree = "<group>"; };
		D7FDBC302404F6E5002659C4 /* Info.plist */ = {isa = PBXFileReference; lastKnownFileType = text.plist.xml; path = Info.plist; sourceTree = "<group>"; };
		E11529ABAA153540512C2F54 /* Pods-Parstagram.release.xcconfig */ = {isa = PBXFileReference; includeInIndex = 1; lastKnownFileType = text.xcconfig; name = "Pods-Parstagram.release.xcconfig"; path = "Target Support Files/Pods-Parstagram/Pods-Parstagram.release.xcconfig"; sourceTree = "<group>"; };
		E2E0E4D9B6402A5A86C5371E /* Pods_ParstagramTests.framework */ = {isa = PBXFileReference; explicitFileType = wrapper.framework; includeInIndex = 0; path = Pods_ParstagramTests.framework; sourceTree = BUILT_PRODUCTS_DIR; };
/* End PBXFileReference section */

/* Begin PBXFrameworksBuildPhase section */
		D7FDBC062404F6DE002659C4 /* Frameworks */ = {
			isa = PBXFrameworksBuildPhase;
			buildActionMask = 2147483647;
			files = (
				B3068CAA00DF0AA65C79D596 /* Pods_Parstagram.framework in Frameworks */,
			);
			runOnlyForDeploymentPostprocessing = 0;
		};
		D7FDBC1C2404F6E5002659C4 /* Frameworks */ = {
			isa = PBXFrameworksBuildPhase;
			buildActionMask = 2147483647;
			files = (
				5BF87A3EF13275EA3F690E2E /* Pods_ParstagramTests.framework in Frameworks */,
			);
			runOnlyForDeploymentPostprocessing = 0;
		};
		D7FDBC272404F6E5002659C4 /* Frameworks */ = {
			isa = PBXFrameworksBuildPhase;
			buildActionMask = 2147483647;
			files = (
				1E7E0C46A326A05FF2DE45EC /* Pods_Parstagram_ParstagramUITests.framework in Frameworks */,
			);
			runOnlyForDeploymentPostprocessing = 0;
		};
/* End PBXFrameworksBuildPhase section */

/* Begin PBXGroup section */
		6EBD83E9BC9205B04937662E /* Pods */ = {
			isa = PBXGroup;
			children = (
				91AED2031CA0F7439F142442 /* Pods-Parstagram.debug.xcconfig */,
				E11529ABAA153540512C2F54 /* Pods-Parstagram.release.xcconfig */,
				7CAD7309AFF1CCBDB0B52378 /* Pods-Parstagram-ParstagramUITests.debug.xcconfig */,
				94A9D52FCB4CB5A2E1AC14FD /* Pods-Parstagram-ParstagramUITests.release.xcconfig */,
				662FA8F12BB629CF5EBC90A5 /* Pods-ParstagramTests.debug.xcconfig */,
				886FEF851DF446A00581C4B9 /* Pods-ParstagramTests.release.xcconfig */,
			);
			path = Pods;
			sourceTree = "<group>";
		};
		790323361BC72EDE09D1A7EB /* Frameworks */ = {
			isa = PBXGroup;
			children = (
				218C37D51A59B46D39F6ABA6 /* Pods_Parstagram.framework */,
				A1F3BFBCD137CE0A274C44C8 /* Pods_Parstagram_ParstagramUITests.framework */,
				E2E0E4D9B6402A5A86C5371E /* Pods_ParstagramTests.framework */,
			);
			name = Frameworks;
			sourceTree = "<group>";
		};
		D7FDBC002404F6DE002659C4 = {
			isa = PBXGroup;
			children = (
				D7FDBC0B2404F6DE002659C4 /* Parstagram */,
				D7FDBC222404F6E5002659C4 /* ParstagramTests */,
				D7FDBC2D2404F6E5002659C4 /* ParstagramUITests */,
				D7FDBC0A2404F6DE002659C4 /* Products */,
				6EBD83E9BC9205B04937662E /* Pods */,
				790323361BC72EDE09D1A7EB /* Frameworks */,
			);
			sourceTree = "<group>";
		};
		D7FDBC0A2404F6DE002659C4 /* Products */ = {
			isa = PBXGroup;
			children = (
				D7FDBC092404F6DE002659C4 /* Parstagram.app */,
				D7FDBC1F2404F6E5002659C4 /* ParstagramTests.xctest */,
				D7FDBC2A2404F6E5002659C4 /* ParstagramUITests.xctest */,
			);
			name = Products;
			sourceTree = "<group>";
		};
		D7FDBC0B2404F6DE002659C4 /* Parstagram */ = {
			isa = PBXGroup;
			children = (
				D7FDBC0C2404F6DE002659C4 /* AppDelegate.swift */,
				D7FDBC0E2404F6DE002659C4 /* SceneDelegate.swift */,
				D7FDBC122404F6DE002659C4 /* Main.storyboard */,
				D7FDBC152404F6E5002659C4 /* Assets.xcassets */,
				D7FDBC172404F6E5002659C4 /* LaunchScreen.storyboard */,
				D7FDBC1A2404F6E5002659C4 /* Info.plist */,
				D7D53311240500AA00B5C187 /* LoginViewController.swift */,
				D7D53313240500BF00B5C187 /* FeedViewController.swift */,
				D7D533152405094600B5C187 /* CameraViewController.swift */,
				D7D533172405136F00B5C187 /* PosterCell.swift */,
				D7D533272408C43000B5C187 /* CommentCellTableViewCell.swift */,
			);
			path = Parstagram;
			sourceTree = "<group>";
		};
		D7FDBC222404F6E5002659C4 /* ParstagramTests */ = {
			isa = PBXGroup;
			children = (
				D7FDBC232404F6E5002659C4 /* ParstagramTests.swift */,
				D7FDBC252404F6E5002659C4 /* Info.plist */,
			);
			path = ParstagramTests;
			sourceTree = "<group>";
		};
		D7FDBC2D2404F6E5002659C4 /* ParstagramUITests */ = {
			isa = PBXGroup;
			children = (
				D7FDBC2E2404F6E5002659C4 /* ParstagramUITests.swift */,
				D7FDBC302404F6E5002659C4 /* Info.plist */,
			);
			path = ParstagramUITests;
			sourceTree = "<group>";
		};
/* End PBXGroup section */

/* Begin PBXNativeTarget section */
		D7FDBC082404F6DE002659C4 /* Parstagram */ = {
			isa = PBXNativeTarget;
			buildConfigurationList = D7FDBC332404F6E5002659C4 /* Build configuration list for PBXNativeTarget "Parstagram" */;
			buildPhases = (
				2A7A229C5872180661F16CE3 /* [CP] Check Pods Manifest.lock */,
				D7FDBC052404F6DE002659C4 /* Sources */,
				D7FDBC062404F6DE002659C4 /* Frameworks */,
				D7FDBC072404F6DE002659C4 /* Resources */,
				3FA0E3A2CA30F782223126AE /* [CP] Embed Pods Frameworks */,
			);
			buildRules = (
			);
			dependencies = (
			);
			name = Parstagram;
			productName = Parstagram;
			productReference = D7FDBC092404F6DE002659C4 /* Parstagram.app */;
			productType = "com.apple.product-type.application";
		};
		D7FDBC1E2404F6E5002659C4 /* ParstagramTests */ = {
			isa = PBXNativeTarget;
			buildConfigurationList = D7FDBC362404F6E5002659C4 /* Build configuration list for PBXNativeTarget "ParstagramTests" */;
			buildPhases = (
				D51F9F95DA93E0253752CB93 /* [CP] Check Pods Manifest.lock */,
				D7FDBC1B2404F6E5002659C4 /* Sources */,
				D7FDBC1C2404F6E5002659C4 /* Frameworks */,
				D7FDBC1D2404F6E5002659C4 /* Resources */,
			);
			buildRules = (
			);
			dependencies = (
				D7FDBC212404F6E5002659C4 /* PBXTargetDependency */,
			);
			name = ParstagramTests;
			productName = ParstagramTests;
			productReference = D7FDBC1F2404F6E5002659C4 /* ParstagramTests.xctest */;
			productType = "com.apple.product-type.bundle.unit-test";
		};
		D7FDBC292404F6E5002659C4 /* ParstagramUITests */ = {
			isa = PBXNativeTarget;
			buildConfigurationList = D7FDBC392404F6E5002659C4 /* Build configuration list for PBXNativeTarget "ParstagramUITests" */;
			buildPhases = (
				2C614F6B5193EA4228AD65D0 /* [CP] Check Pods Manifest.lock */,
				D7FDBC262404F6E5002659C4 /* Sources */,
				D7FDBC272404F6E5002659C4 /* Frameworks */,
				D7FDBC282404F6E5002659C4 /* Resources */,
				3F5D13EBEA590873BB0F6443 /* [CP] Embed Pods Frameworks */,
			);
			buildRules = (
			);
			dependencies = (
				D7FDBC2C2404F6E5002659C4 /* PBXTargetDependency */,
			);
			name = ParstagramUITests;
			productName = ParstagramUITests;
			productReference = D7FDBC2A2404F6E5002659C4 /* ParstagramUITests.xctest */;
			productType = "com.apple.product-type.bundle.ui-testing";
		};
/* End PBXNativeTarget section */

/* Begin PBXProject section */
		D7FDBC012404F6DE002659C4 /* Project object */ = {
			isa = PBXProject;
			attributes = {
				LastSwiftUpdateCheck = 1130;
				LastUpgradeCheck = 1130;
				ORGANIZATIONNAME = "Adib Thaqif";
				TargetAttributes = {
					D7FDBC082404F6DE002659C4 = {
						CreatedOnToolsVersion = 11.3.1;
					};
					D7FDBC1E2404F6E5002659C4 = {
						CreatedOnToolsVersion = 11.3.1;
						TestTargetID = D7FDBC082404F6DE002659C4;
					};
					D7FDBC292404F6E5002659C4 = {
						CreatedOnToolsVersion = 11.3.1;
						TestTargetID = D7FDBC082404F6DE002659C4;
					};
				};
			};
			buildConfigurationList = D7FDBC042404F6DE002659C4 /* Build configuration list for PBXProject "Parstagram" */;
			compatibilityVersion = "Xcode 9.3";
			developmentRegion = en;
			hasScannedForEncodings = 0;
			knownRegions = (
				en,
				Base,
			);
			mainGroup = D7FDBC002404F6DE002659C4;
			productRefGroup = D7FDBC0A2404F6DE002659C4 /* Products */;
			projectDirPath = "";
			projectRoot = "";
			targets = (
				D7FDBC082404F6DE002659C4 /* Parstagram */,
				D7FDBC1E2404F6E5002659C4 /* ParstagramTests */,
				D7FDBC292404F6E5002659C4 /* ParstagramUITests */,
			);
		};
/* End PBXProject section */

/* Begin PBXResourcesBuildPhase section */
		D7FDBC072404F6DE002659C4 /* Resources */ = {
			isa = PBXResourcesBuildPhase;
			buildActionMask = 2147483647;
			files = (
				D7FDBC192404F6E5002659C4 /* LaunchScreen.storyboard in Resources */,
				D7FDBC162404F6E5002659C4 /* Assets.xcassets in Resources */,
				D7FDBC142404F6DE002659C4 /* Main.storyboard in Resources */,
			);
			runOnlyForDeploymentPostprocessing = 0;
		};
		D7FDBC1D2404F6E5002659C4 /* Resources */ = {
			isa = PBXResourcesBuildPhase;
			buildActionMask = 2147483647;
			files = (
			);
			runOnlyForDeploymentPostprocessing = 0;
		};
		D7FDBC282404F6E5002659C4 /* Resources */ = {
			isa = PBXResourcesBuildPhase;
			buildActionMask = 2147483647;
			files = (
			);
			runOnlyForDeploymentPostprocessing = 0;
		};
/* End PBXResourcesBuildPhase section */

/* Begin PBXShellScriptBuildPhase section */
		2A7A229C5872180661F16CE3 /* [CP] Check Pods Manifest.lock */ = {
			isa = PBXShellScriptBuildPhase;
			buildActionMask = 2147483647;
			files = (
			);
			inputFileListPaths = (
			);
			inputPaths = (
				"${PODS_PODFILE_DIR_PATH}/Podfile.lock",
				"${PODS_ROOT}/Manifest.lock",
			);
			name = "[CP] Check Pods Manifest.lock";
			outputFileListPaths = (
			);
			outputPaths = (
				"$(DERIVED_FILE_DIR)/Pods-Parstagram-checkManifestLockResult.txt",
			);
			runOnlyForDeploymentPostprocessing = 0;
			shellPath = /bin/sh;
			shellScript = "diff \"${PODS_PODFILE_DIR_PATH}/Podfile.lock\" \"${PODS_ROOT}/Manifest.lock\" > /dev/null\nif [ $? != 0 ] ; then\n    # print error to STDERR\n    echo \"error: The sandbox is not in sync with the Podfile.lock. Run 'pod install' or update your CocoaPods installation.\" >&2\n    exit 1\nfi\n# This output is used by Xcode 'outputs' to avoid re-running this script phase.\necho \"SUCCESS\" > \"${SCRIPT_OUTPUT_FILE_0}\"\n";
			showEnvVarsInLog = 0;
		};
		2C614F6B5193EA4228AD65D0 /* [CP] Check Pods Manifest.lock */ = {
			isa = PBXShellScriptBuildPhase;
			buildActionMask = 2147483647;
			files = (
			);
			inputFileListPaths = (
			);
			inputPaths = (
				"${PODS_PODFILE_DIR_PATH}/Podfile.lock",
				"${PODS_ROOT}/Manifest.lock",
			);
			name = "[CP] Check Pods Manifest.lock";
			outputFileListPaths = (
			);
			outputPaths = (
				"$(DERIVED_FILE_DIR)/Pods-Parstagram-ParstagramUITests-checkManifestLockResult.txt",
			);
			runOnlyForDeploymentPostprocessing = 0;
			shellPath = /bin/sh;
			shellScript = "diff \"${PODS_PODFILE_DIR_PATH}/Podfile.lock\" \"${PODS_ROOT}/Manifest.lock\" > /dev/null\nif [ $? != 0 ] ; then\n    # print error to STDERR\n    echo \"error: The sandbox is not in sync with the Podfile.lock. Run 'pod install' or update your CocoaPods installation.\" >&2\n    exit 1\nfi\n# This output is used by Xcode 'outputs' to avoid re-running this script phase.\necho \"SUCCESS\" > \"${SCRIPT_OUTPUT_FILE_0}\"\n";
			showEnvVarsInLog = 0;
		};
		3F5D13EBEA590873BB0F6443 /* [CP] Embed Pods Frameworks */ = {
			isa = PBXShellScriptBuildPhase;
			buildActionMask = 2147483647;
			files = (
			);
			inputFileListPaths = (
				"${PODS_ROOT}/Target Support Files/Pods-Parstagram-ParstagramUITests/Pods-Parstagram-ParstagramUITests-frameworks-${CONFIGURATION}-input-files.xcfilelist",
			);
			name = "[CP] Embed Pods Frameworks";
			outputFileListPaths = (
				"${PODS_ROOT}/Target Support Files/Pods-Parstagram-ParstagramUITests/Pods-Parstagram-ParstagramUITests-frameworks-${CONFIGURATION}-output-files.xcfilelist",
			);
			runOnlyForDeploymentPostprocessing = 0;
			shellPath = /bin/sh;
			shellScript = "\"${PODS_ROOT}/Target Support Files/Pods-Parstagram-ParstagramUITests/Pods-Parstagram-ParstagramUITests-frameworks.sh\"\n";
			showEnvVarsInLog = 0;
		};
		3FA0E3A2CA30F782223126AE /* [CP] Embed Pods Frameworks */ = {
			isa = PBXShellScriptBuildPhase;
			buildActionMask = 2147483647;
			files = (
			);
			inputFileListPaths = (
				"${PODS_ROOT}/Target Support Files/Pods-Parstagram/Pods-Parstagram-frameworks-${CONFIGURATION}-input-files.xcfilelist",
			);
			name = "[CP] Embed Pods Frameworks";
			outputFileListPaths = (
				"${PODS_ROOT}/Target Support Files/Pods-Parstagram/Pods-Parstagram-frameworks-${CONFIGURATION}-output-files.xcfilelist",
			);
			runOnlyForDeploymentPostprocessing = 0;
			shellPath = /bin/sh;
			shellScript = "\"${PODS_ROOT}/Target Support Files/Pods-Parstagram/Pods-Parstagram-frameworks.sh\"\n";
			showEnvVarsInLog = 0;
		};
		D51F9F95DA93E0253752CB93 /* [CP] Check Pods Manifest.lock */ = {
			isa = PBXShellScriptBuildPhase;
			buildActionMask = 2147483647;
			files = (
			);
			inputFileListPaths = (
			);
			inputPaths = (
				"${PODS_PODFILE_DIR_PATH}/Podfile.lock",
				"${PODS_ROOT}/Manifest.lock",
			);
			name = "[CP] Check Pods Manifest.lock";
			outputFileListPaths = (
			);
			outputPaths = (
				"$(DERIVED_FILE_DIR)/Pods-ParstagramTests-checkManifestLockResult.txt",
			);
			runOnlyForDeploymentPostprocessing = 0;
			shellPath = /bin/sh;
			shellScript = "diff \"${PODS_PODFILE_DIR_PATH}/Podfile.lock\" \"${PODS_ROOT}/Manifest.lock\" > /dev/null\nif [ $? != 0 ] ; then\n    # print error to STDERR\n    echo \"error: The sandbox is not in sync with the Podfile.lock. Run 'pod install' or update your CocoaPods installation.\" >&2\n    exit 1\nfi\n# This output is used by Xcode 'outputs' to avoid re-running this script phase.\necho \"SUCCESS\" > \"${SCRIPT_OUTPUT_FILE_0}\"\n";
			showEnvVarsInLog = 0;
		};
/* End PBXShellScriptBuildPhase section */

/* Begin PBXSourcesBuildPhase section */
		D7FDBC052404F6DE002659C4 /* Sources */ = {
			isa = PBXSourcesBuildPhase;
			buildActionMask = 2147483647;
			files = (
				D7D53312240500AA00B5C187 /* LoginViewController.swift in Sources */,
				D7D533162405094600B5C187 /* CameraViewController.swift in Sources */,
				D7D533182405136F00B5C187 /* PosterCell.swift in Sources */,
				D7FDBC0D2404F6DE002659C4 /* AppDelegate.swift in Sources */,
				D7D53314240500BF00B5C187 /* FeedViewController.swift in Sources */,
				D7D533282408C43000B5C187 /* CommentCellTableViewCell.swift in Sources */,
				D7FDBC0F2404F6DE002659C4 /* SceneDelegate.swift in Sources */,
			);
			runOnlyForDeploymentPostprocessing = 0;
		};
		D7FDBC1B2404F6E5002659C4 /* Sources */ = {
			isa = PBXSourcesBuildPhase;
			buildActionMask = 2147483647;
			files = (
				D7FDBC242404F6E5002659C4 /* ParstagramTests.swift in Sources */,
			);
			runOnlyForDeploymentPostprocessing = 0;
		};
		D7FDBC262404F6E5002659C4 /* Sources */ = {
			isa = PBXSourcesBuildPhase;
			buildActionMask = 2147483647;
			files = (
				D7FDBC2F2404F6E5002659C4 /* ParstagramUITests.swift in Sources */,
			);
			runOnlyForDeploymentPostprocessing = 0;
		};
/* End PBXSourcesBuildPhase section */

/* Begin PBXTargetDependency section */
		D7FDBC212404F6E5002659C4 /* PBXTargetDependency */ = {
			isa = PBXTargetDependency;
			target = D7FDBC082404F6DE002659C4 /* Parstagram */;
			targetProxy = D7FDBC202404F6E5002659C4 /* PBXContainerItemProxy */;
		};
		D7FDBC2C2404F6E5002659C4 /* PBXTargetDependency */ = {
			isa = PBXTargetDependency;
			target = D7FDBC082404F6DE002659C4 /* Parstagram */;
			targetProxy = D7FDBC2B2404F6E5002659C4 /* PBXContainerItemProxy */;
		};
/* End PBXTargetDependency section */

/* Begin PBXVariantGroup section */
		D7FDBC122404F6DE002659C4 /* Main.storyboard */ = {
			isa = PBXVariantGroup;
			children = (
				D7FDBC132404F6DE002659C4 /* Base */,
			);
			name = Main.storyboard;
			sourceTree = "<group>";
		};
		D7FDBC172404F6E5002659C4 /* LaunchScreen.storyboard */ = {
			isa = PBXVariantGroup;
			children = (
				D7FDBC182404F6E5002659C4 /* Base */,
			);
			name = LaunchScreen.storyboard;
			sourceTree = "<group>";
		};
/* End PBXVariantGroup section */

/* Begin XCBuildConfiguration section */
		D7FDBC312404F6E5002659C4 /* Debug */ = {
			isa = XCBuildConfiguration;
			buildSettings = {
				ALWAYS_SEARCH_USER_PATHS = NO;
				CLANG_ANALYZER_NONNULL = YES;
				CLANG_ANALYZER_NUMBER_OBJECT_CONVERSION = YES_AGGRESSIVE;
				CLANG_CXX_LANGUAGE_STANDARD = "gnu++14";
				CLANG_CXX_LIBRARY = "libc++";
				CLANG_ENABLE_MODULES = YES;
				CLANG_ENABLE_OBJC_ARC = YES;
				CLANG_ENABLE_OBJC_WEAK = YES;
				CLANG_WARN_BLOCK_CAPTURE_AUTORELEASING = YES;
				CLANG_WARN_BOOL_CONVERSION = YES;
				CLANG_WARN_COMMA = YES;
				CLANG_WARN_CONSTANT_CONVERSION = YES;
				CLANG_WARN_DEPRECATED_OBJC_IMPLEMENTATIONS = YES;
				CLANG_WARN_DIRECT_OBJC_ISA_USAGE = YES_ERROR;
				CLANG_WARN_DOCUMENTATION_COMMENTS = YES;
				CLANG_WARN_EMPTY_BODY = YES;
				CLANG_WARN_ENUM_CONVERSION = YES;
				CLANG_WARN_INFINITE_RECURSION = YES;
				CLANG_WARN_INT_CONVERSION = YES;
				CLANG_WARN_NON_LITERAL_NULL_CONVERSION = YES;
				CLANG_WARN_OBJC_IMPLICIT_RETAIN_SELF = YES;
				CLANG_WARN_OBJC_LITERAL_CONVERSION = YES;
				CLANG_WARN_OBJC_ROOT_CLASS = YES_ERROR;
				CLANG_WARN_RANGE_LOOP_ANALYSIS = YES;
				CLANG_WARN_STRICT_PROTOTYPES = YES;
				CLANG_WARN_SUSPICIOUS_MOVE = YES;
				CLANG_WARN_UNGUARDED_AVAILABILITY = YES_AGGRESSIVE;
				CLANG_WARN_UNREACHABLE_CODE = YES;
				CLANG_WARN__DUPLICATE_METHOD_MATCH = YES;
				COPY_PHASE_STRIP = NO;
				DEBUG_INFORMATION_FORMAT = dwarf;
				ENABLE_STRICT_OBJC_MSGSEND = YES;
				ENABLE_TESTABILITY = YES;
				GCC_C_LANGUAGE_STANDARD = gnu11;
				GCC_DYNAMIC_NO_PIC = NO;
				GCC_NO_COMMON_BLOCKS = YES;
				GCC_OPTIMIZATION_LEVEL = 0;
				GCC_PREPROCESSOR_DEFINITIONS = (
					"DEBUG=1",
					"$(inherited)",
				);
				GCC_WARN_64_TO_32_BIT_CONVERSION = YES;
				GCC_WARN_ABOUT_RETURN_TYPE = YES_ERROR;
				GCC_WARN_UNDECLARED_SELECTOR = YES;
				GCC_WARN_UNINITIALIZED_AUTOS = YES_AGGRESSIVE;
				GCC_WARN_UNUSED_FUNCTION = YES;
				GCC_WARN_UNUSED_VARIABLE = YES;
				IPHONEOS_DEPLOYMENT_TARGET = 13.2;
				MTL_ENABLE_DEBUG_INFO = INCLUDE_SOURCE;
				MTL_FAST_MATH = YES;
				ONLY_ACTIVE_ARCH = YES;
				SDKROOT = iphoneos;
				SWIFT_ACTIVE_COMPILATION_CONDITIONS = DEBUG;
				SWIFT_OPTIMIZATION_LEVEL = "-Onone";
			};
			name = Debug;
		};
		D7FDBC322404F6E5002659C4 /* Release */ = {
			isa = XCBuildConfiguration;
			buildSettings = {
				ALWAYS_SEARCH_USER_PATHS = NO;
				CLANG_ANALYZER_NONNULL = YES;
				CLANG_ANALYZER_NUMBER_OBJECT_CONVERSION = YES_AGGRESSIVE;
				CLANG_CXX_LANGUAGE_STANDARD = "gnu++14";
				CLANG_CXX_LIBRARY = "libc++";
				CLANG_ENABLE_MODULES = YES;
				CLANG_ENABLE_OBJC_ARC = YES;
				CLANG_ENABLE_OBJC_WEAK = YES;
				CLANG_WARN_BLOCK_CAPTURE_AUTORELEASING = YES;
				CLANG_WARN_BOOL_CONVERSION = YES;
				CLANG_WARN_COMMA = YES;
				CLANG_WARN_CONSTANT_CONVERSION = YES;
				CLANG_WARN_DEPRECATED_OBJC_IMPLEMENTATIONS = YES;
				CLANG_WARN_DIRECT_OBJC_ISA_USAGE = YES_ERROR;
				CLANG_WARN_DOCUMENTATION_COMMENTS = YES;
				CLANG_WARN_EMPTY_BODY = YES;
				CLANG_WARN_ENUM_CONVERSION = YES;
				CLANG_WARN_INFINITE_RECURSION = YES;
				CLANG_WARN_INT_CONVERSION = YES;
				CLANG_WARN_NON_LITERAL_NULL_CONVERSION = YES;
				CLANG_WARN_OBJC_IMPLICIT_RETAIN_SELF = YES;
				CLANG_WARN_OBJC_LITERAL_CONVERSION = YES;
				CLANG_WARN_OBJC_ROOT_CLASS = YES_ERROR;
				CLANG_WARN_RANGE_LOOP_ANALYSIS = YES;
				CLANG_WARN_STRICT_PROTOTYPES = YES;
				CLANG_WARN_SUSPICIOUS_MOVE = YES;
				CLANG_WARN_UNGUARDED_AVAILABILITY = YES_AGGRESSIVE;
				CLANG_WARN_UNREACHABLE_CODE = YES;
				CLANG_WARN__DUPLICATE_METHOD_MATCH = YES;
				COPY_PHASE_STRIP = NO;
				DEBUG_INFORMATION_FORMAT = "dwarf-with-dsym";
				ENABLE_NS_ASSERTIONS = NO;
				ENABLE_STRICT_OBJC_MSGSEND = YES;
				GCC_C_LANGUAGE_STANDARD = gnu11;
				GCC_NO_COMMON_BLOCKS = YES;
				GCC_WARN_64_TO_32_BIT_CONVERSION = YES;
				GCC_WARN_ABOUT_RETURN_TYPE = YES_ERROR;
				GCC_WARN_UNDECLARED_SELECTOR = YES;
				GCC_WARN_UNINITIALIZED_AUTOS = YES_AGGRESSIVE;
				GCC_WARN_UNUSED_FUNCTION = YES;
				GCC_WARN_UNUSED_VARIABLE = YES;
				IPHONEOS_DEPLOYMENT_TARGET = 13.2;
				MTL_ENABLE_DEBUG_INFO = NO;
				MTL_FAST_MATH = YES;
				SDKROOT = iphoneos;
				SWIFT_COMPILATION_MODE = wholemodule;
				SWIFT_OPTIMIZATION_LEVEL = "-O";
				VALIDATE_PRODUCT = YES;
			};
			name = Release;
		};
		D7FDBC342404F6E5002659C4 /* Debug */ = {
			isa = XCBuildConfiguration;
			baseConfigurationReference = 91AED2031CA0F7439F142442 /* Pods-Parstagram.debug.xcconfig */;
			buildSettings = {
				ASSETCATALOG_COMPILER_APPICON_NAME = AppIcon;
				CODE_SIGN_STYLE = Automatic;
				DEVELOPMENT_TEAM = RZ4H8B3D58;
				INFOPLIST_FILE = Parstagram/Info.plist;
				LD_RUNPATH_SEARCH_PATHS = (
					"$(inherited)",
					"@executable_path/Frameworks",
				);
				PRODUCT_BUNDLE_IDENTIFIER = AdibThaqif.Parstagram;
				PRODUCT_NAME = "$(TARGET_NAME)";
				SWIFT_VERSION = 5.0;
				TARGETED_DEVICE_FAMILY = "1,2";
			};
			name = Debug;
		};
		D7FDBC352404F6E5002659C4 /* Release */ = {
			isa = XCBuildConfiguration;
			baseConfigurationReference = E11529ABAA153540512C2F54 /* Pods-Parstagram.release.xcconfig */;
			buildSettings = {
				ASSETCATALOG_COMPILER_APPICON_NAME = AppIcon;
				CODE_SIGN_STYLE = Automatic;
				DEVELOPMENT_TEAM = RZ4H8B3D58;
				INFOPLIST_FILE = Parstagram/Info.plist;
				LD_RUNPATH_SEARCH_PATHS = (
					"$(inherited)",
					"@executable_path/Frameworks",
				);
				PRODUCT_BUNDLE_IDENTIFIER = AdibThaqif.Parstagram;
				PRODUCT_NAME = "$(TARGET_NAME)";
				SWIFT_VERSION = 5.0;
				TARGETED_DEVICE_FAMILY = "1,2";
			};
			name = Release;
		};
		D7FDBC372404F6E5002659C4 /* Debug */ = {
			isa = XCBuildConfiguration;
			baseConfigurationReference = 662FA8F12BB629CF5EBC90A5 /* Pods-ParstagramTests.debug.xcconfig */;
			buildSettings = {
				ALWAYS_EMBED_SWIFT_STANDARD_LIBRARIES = YES;
				BUNDLE_LOADER = "$(TEST_HOST)";
				CODE_SIGN_STYLE = Automatic;
				DEVELOPMENT_TEAM = RZ4H8B3D58;
				INFOPLIST_FILE = ParstagramTests/Info.plist;
				IPHONEOS_DEPLOYMENT_TARGET = 13.2;
				LD_RUNPATH_SEARCH_PATHS = (
					"$(inherited)",
					"@executable_path/Frameworks",
					"@loader_path/Frameworks",
				);
				PRODUCT_BUNDLE_IDENTIFIER = AdibThaqif.ParstagramTests;
				PRODUCT_NAME = "$(TARGET_NAME)";
				SWIFT_VERSION = 5.0;
				TARGETED_DEVICE_FAMILY = "1,2";
				TEST_HOST = "$(BUILT_PRODUCTS_DIR)/Parstagram.app/Parstagram";
			};
			name = Debug;
		};
		D7FDBC382404F6E5002659C4 /* Release */ = {
			isa = XCBuildConfiguration;
			baseConfigurationReference = 886FEF851DF446A00581C4B9 /* Pods-ParstagramTests.release.xcconfig */;
			buildSettings = {
				ALWAYS_EMBED_SWIFT_STANDARD_LIBRARIES = YES;
				BUNDLE_LOADER = "$(TEST_HOST)";
				CODE_SIGN_STYLE = Automatic;
				DEVELOPMENT_TEAM = RZ4H8B3D58;
				INFOPLIST_FILE = ParstagramTests/Info.plist;
				IPHONEOS_DEPLOYMENT_TARGET = 13.2;
				LD_RUNPATH_SEARCH_PATHS = (
					"$(inherited)",
					"@executable_path/Frameworks",
					"@loader_path/Frameworks",
				);
				PRODUCT_BUNDLE_IDENTIFIER = AdibThaqif.ParstagramTests;
				PRODUCT_NAME = "$(TARGET_NAME)";
				SWIFT_VERSION = 5.0;
				TARGETED_DEVICE_FAMILY = "1,2";
				TEST_HOST = "$(BUILT_PRODUCTS_DIR)/Parstagram.app/Parstagram";
			};
			name = Release;
		};
		D7FDBC3A2404F6E5002659C4 /* Debug */ = {
			isa = XCBuildConfiguration;
			baseConfigurationReference = 7CAD7309AFF1CCBDB0B52378 /* Pods-Parstagram-ParstagramUITests.debug.xcconfig */;
			buildSettings = {
				ALWAYS_EMBED_SWIFT_STANDARD_LIBRARIES = YES;
				CODE_SIGN_STYLE = Automatic;
				DEVELOPMENT_TEAM = RZ4H8B3D58;
				INFOPLIST_FILE = ParstagramUITests/Info.plist;
				LD_RUNPATH_SEARCH_PATHS = (
					"$(inherited)",
					"@executable_path/Frameworks",
					"@loader_path/Frameworks",
				);
				PRODUCT_BUNDLE_IDENTIFIER = AdibThaqif.ParstagramUITests;
				PRODUCT_NAME = "$(TARGET_NAME)";
				SWIFT_VERSION = 5.0;
				TARGETED_DEVICE_FAMILY = "1,2";
				TEST_TARGET_NAME = Parstagram;
			};
			name = Debug;
		};
		D7FDBC3B2404F6E5002659C4 /* Release */ = {
			isa = XCBuildConfiguration;
			baseConfigurationReference = 94A9D52FCB4CB5A2E1AC14FD /* Pods-Parstagram-ParstagramUITests.release.xcconfig */;
			buildSettings = {
				ALWAYS_EMBED_SWIFT_STANDARD_LIBRARIES = YES;
				CODE_SIGN_STYLE = Automatic;
				DEVELOPMENT_TEAM = RZ4H8B3D58;
				INFOPLIST_FILE = ParstagramUITests/Info.plist;
				LD_RUNPATH_SEARCH_PATHS = (
					"$(inherited)",
					"@executable_path/Frameworks",
					"@loader_path/Frameworks",
				);
				PRODUCT_BUNDLE_IDENTIFIER = AdibThaqif.ParstagramUITests;
				PRODUCT_NAME = "$(TARGET_NAME)";
				SWIFT_VERSION = 5.0;
				TARGETED_DEVICE_FAMILY = "1,2";
				TEST_TARGET_NAME = Parstagram;
			};
			name = Release;
		};
/* End XCBuildConfiguration section */

/* Begin XCConfigurationList section */
		D7FDBC042404F6DE002659C4 /* Build configuration list for PBXProject "Parstagram" */ = {
			isa = XCConfigurationList;
			buildConfigurations = (
				D7FDBC312404F6E5002659C4 /* Debug */,
				D7FDBC322404F6E5002659C4 /* Release */,
			);
			defaultConfigurationIsVisible = 0;
			defaultConfigurationName = Release;
		};
		D7FDBC332404F6E5002659C4 /* Build configuration list for PBXNativeTarget "Parstagram" */ = {
			isa = XCConfigurationList;
			buildConfigurations = (
				D7FDBC342404F6E5002659C4 /* Debug */,
				D7FDBC352404F6E5002659C4 /* Release */,
			);
			defaultConfigurationIsVisible = 0;
			defaultConfigurationName = Release;
		};
		D7FDBC362404F6E5002659C4 /* Build configuration list for PBXNativeTarget "ParstagramTests" */ = {
			isa = XCConfigurationList;
			buildConfigurations = (
				D7FDBC372404F6E5002659C4 /* Debug */,
				D7FDBC382404F6E5002659C4 /* Release */,
			);
			defaultConfigurationIsVisible = 0;
			defaultConfigurationName = Release;
		};
		D7FDBC392404F6E5002659C4 /* Build configuration list for PBXNativeTarget "ParstagramUITests" */ = {
			isa = XCConfigurationList;
			buildConfigurations = (
				D7FDBC3A2404F6E5002659C4 /* Debug */,
				D7FDBC3B2404F6E5002659C4 /* Release */,
			);
			defaultConfigurationIsVisible = 0;
			defaultConfigurationName = Release;
		};
/* End XCConfigurationList section */
	};
	rootObject = D7FDBC012404F6DE002659C4 /* Project object */;
}
